{
  "name": "solar-js",
  "version": "1.0.0",
  "lockfileVersion": 3,
  "requires": true,
  "packages": {
    "": {
      "name": "solar-js",
      "version": "1.0.0",
      "license": "ISC",
      "dependencies": {
        "dat.gui": "^0.7.9",
        "three": "^0.151.3"
      }
    },
    "node_modules/dat.gui": {
      "version": "0.7.9",
      "resolved": "https://registry.npmjs.org/dat.gui/-/dat.gui-0.7.9.tgz",
      "integrity": "sha512-sCNc1OHobc+Erc1HqiswYgHdVNpSJUlk/Hz8vzOCsER7rl+oF/4+v8GXFUyCgtXpoCX6+bnmg07DedLvBLwYKQ=="
    },
    "node_modules/three": {
      "version": "0.151.3",
      "resolved": "https://registry.npmjs.org/three/-/three-0.151.3.tgz",
      "integrity": "sha512-+vbuqxFy8kzLeO5MgpBHUvP/EAiecaDwDuOPPDe6SbrZr96kccF0ktLngXc7xA7bzyd3N0t2f6mw3Z9y6JCojQ=="
    }
  }
}
